{
  "originHash" : "610f95577fb16a8cf6f2b2b633c1ab866a415232b72250b39e33f06c1efc57c2",
  "pins" : [
    {
      "identity" : "licenseseat-swift",
      "kind" : "remoteSourceControl",
      "location" : "https://github.com/licenseseat/licenseseat-swift.git",
      "state" : {
        "revision" : "6149935016228b70631d805cb512e11c4cf335ad",
        "version" : "0.4.1"
      }
    },
    {
      "identity" : "swift-crypto",
      "kind" : "remoteSourceControl",
      "location" : "https://github.com/apple/swift-crypto.git",
      "state" : {
        "revision" : "60f13f60c4d093691934dc6cfdf5f508ada1f894",
        "version" : "2.6.0"
      }
    },
    {
      "identity" : "swift-log",
      "kind" : "remoteSourceControl",
      "location" : "https://github.com/apple/swift-log.git",
      "state" : {
        "revision" : "bbd81b6725ae874c69e9b8c8804d462356b55523",
        "version" : "1.10.1"
      }
    },
    {
      "identity" : "swift-metrics",
      "kind" : "remoteSourceControl",
      "location" : "https://github.com/apple/swift-metrics.git",
      "state" : {
        "revision" : "f17c111cec972c2a4922cef38cf64f76f7e87886",
        "version" : "2.8.0"
      }
    },
    {
      "identity" : "swiftuiflowtesting",
      "kind" : "remoteSourceControl",
      "location" : "https://github.com/metamech/SwiftUIFlowTesting.git",
      "state" : {
        "revision" : "ccea8a696bdb7b9e3061d1e7a675b6d57e3be44a",
        "version" : "0.1.1"
      }
    },
    {
      "identity" : "welcomekit",
      "kind" : "remoteSourceControl",
      "location" : "https://github.com/metamech/WelcomeKit.git",
      "state" : {
        "revision" : "8eaa4d15e52abcfb330b44617b1f91d97ae57c37",
        "version" : "0.2.0"
      }
    }
  ],
  "version" : 3
}
